// !$*UTF8*$!
{
	archiveVersion = 1;
	classes = {
	};
	objectVersion = 50;
	objects = {

/* Begin PBXBuildFile section */
		E204848921466DA200D5A680 /* AppDelegate.swift in Sources */ = {isa = PBXBuildFile; fileRef = E204848821466DA200D5A680 /* AppDelegate.swift */; };
		E204848B21466DA200D5A680 /* ViewController.swift in Sources */ = {isa = PBXBuildFile; fileRef = E204848A21466DA200D5A680 /* ViewController.swift */; };
		E204848E21466DA200D5A680 /* Main.storyboard in Resources */ = {isa = PBXBuildFile; fileRef = E204848C21466DA200D5A680 /* Main.storyboard */; };
		E204849021466DA400D5A680 /* Assets.xcassets in Resources */ = {isa = PBXBuildFile; fileRef = E204848F21466DA400D5A680 /* Assets.xcassets */; };
		E204849321466DA400D5A680 /* LaunchScreen.storyboard in Resources */ = {isa = PBXBuildFile; fileRef = E204849121466DA400D5A680 /* LaunchScreen.storyboard */; };
		E204849E21466DA400D5A680 /* MultiSelectUIPickerViewTests.swift in Sources */ = {isa = PBXBuildFile; fileRef = E204849D21466DA400D5A680 /* MultiSelectUIPickerViewTests.swift */; };
		E20484A921466DA400D5A680 /* MultiSelectUIPickerViewUITests.swift in Sources */ = {isa = PBXBuildFile; fileRef = E20484A821466DA400D5A680 /* MultiSelectUIPickerViewUITests.swift */; };
		E20484B72146A85000D5A680 /* Opened@3x.png in Resources */ = {isa = PBXBuildFile; fileRef = E20484B62146A85000D5A680 /* Opened@3x.png */; };
/* End PBXBuildFile section */

/* Begin PBXContainerItemProxy section */
		E204849A21466DA400D5A680 /* PBXContainerItemProxy */ = {
			isa = PBXContainerItemProxy;
			containerPortal = E204847D21466DA200D5A680 /* Project object */;
			proxyType = 1;
			remoteGlobalIDString = E204848421466DA200D5A680;
			remoteInfo = MultiSelectUIPickerView;
		};
		E20484A521466DA400D5A680 /* PBXContainerItemProxy */ = {
			isa = PBXContainerItemProxy;
			containerPortal = E204847D21466DA200D5A680 /* Project object */;
			proxyType = 1;
			remoteGlobalIDString = E204848421466DA200D5A680;
			remoteInfo = MultiSelectUIPickerView;
		};
/* End PBXContainerItemProxy section */

/* Begin PBXFileReference section */
		E204848521466DA200D5A680 /* MultiSelectUIPickerView.app */ = {isa = PBXFileReference; explicitFileType = wrapper.application; includeInIndex = 0; path = MultiSelectUIPickerView.app; sourceTree = BUILT_PRODUCTS_DIR; };
		E204848821466DA200D5A680 /* AppDelegate.swift */ = {isa = PBXFileReference; lastKnownFileType = sourcecode.swift; path = AppDelegate.swift; sourceTree = "<group>"; };
		E204848A21466DA200D5A680 /* ViewController.swift */ = {isa = PBXFileReference; lastKnownFileType = sourcecode.swift; path = ViewController.swift; sourceTree = "<group>"; };
		E204848D21466DA200D5A680 /* Base */ = {isa = PBXFileReference; lastKnownFileType = file.storyboard; name = Base; path = Base.lproj/Main.storyboard; sourceTree = "<group>"; };
		E204848F21466DA400D5A680 /* Assets.xcassets */ = {isa = PBXFileReference; lastKnownFileType = folder.assetcatalog; path = Assets.xcassets; sourceTree = "<group>"; };
		E204849221466DA400D5A680 /* Base */ = {isa = PBXFileReference; lastKnownFileType = file.storyboard; name = Base; path = Base.lproj/LaunchScreen.storyboard; sourceTree = "<group>"; };
		E204849421466DA400D5A680 /* Info.plist */ = {isa = PBXFileReference; lastKnownFileType = text.plist.xml; path = Info.plist; sourceTree = "<group>"; };
		E204849921466DA400D5A680 /* MultiSelectUIPickerViewTests.xctest */ = {isa = PBXFileReference; explicitFileType = wrapper.cfbundle; includeInIndex = 0; path = MultiSelectUIPickerViewTests.xctest; sourceTree = BUILT_PRODUCTS_DIR; };
		E204849D21466DA400D5A680 /* MultiSelectUIPickerViewTests.swift */ = {isa = PBXFileReference; lastKnownFileType = sourcecode.swift; path = MultiSelectUIPickerViewTests.swift; sourceTree = "<group>"; };
		E204849F21466DA400D5A680 /* Info.plist */ = {isa = PBXFileReference; lastKnownFileType = text.plist.xml; path = Info.plist; sourceTree = "<group>"; };
		E20484A421466DA400D5A680 /* MultiSelectUIPickerViewUITests.xctest */ = {isa = PBXFileReference; explicitFileType = wrapper.cfbundle; includeInIndex = 0; path = MultiSelectUIPickerViewUITests.xctest; sourceTree = BUILT_PRODUCTS_DIR; };
		E20484A821466DA400D5A680 /* MultiSelectUIPickerViewUITests.swift */ = {isa = PBXFileReference; lastKnownFileType = sourcecode.swift; path = MultiSelectUIPickerViewUITests.swift; sourceTree = "<group>"; };
		E20484AA21466DA400D5A680 /* Info.plist */ = {isa = PBXFileReference; lastKnownFileType = text.plist.xml; path = Info.plist; sourceTree = "<group>"; };
		E20484B62146A85000D5A680 /* Opened@3x.png */ = {isa = PBXFileReference; lastKnownFileType = image.png; path = "Opened@3x.png"; sourceTree = "<group>"; };
/* End PBXFileReference section */

/* Begin PBXFrameworksBuildPhase section */
		E204848221466DA200D5A680 /* Frameworks */ = {
			isa = PBXFrameworksBuildPhase;
			buildActionMask = 2147483647;
			files = (
			);
			runOnlyForDeploymentPostprocessing = 0;
		};
		E204849621466DA400D5A680 /* Frameworks */ = {
			isa = PBXFrameworksBuildPhase;
			buildActionMask = 2147483647;
			files = (
			);
			runOnlyForDeploymentPostprocessing = 0;
		};
		E20484A121466DA400D5A680 /* Frameworks */ = {
			isa = PBXFrameworksBuildPhase;
			buildActionMask = 2147483647;
			files = (
			);
			runOnlyForDeploymentPostprocessing = 0;
		};
/* End PBXFrameworksBuildPhase section */

/* Begin PBXGroup section */
		E204847C21466DA200D5A680 = {
			isa = PBXGroup;
			children = (
				E204848721466DA200D5A680 /* MultiSelectUIPickerView */,
				E204849C21466DA400D5A680 /* MultiSelectUIPickerViewTests */,
				E20484A721466DA400D5A680 /* MultiSelectUIPickerViewUITests */,
				E204848621466DA200D5A680 /* Products */,
			);
			sourceTree = "<group>";
		};
		E204848621466DA200D5A680 /* Products */ = {
			isa = PBXGroup;
			children = (
				E204848521466DA200D5A680 /* MultiSelectUIPickerView.app */,
				E204849921466DA400D5A680 /* MultiSelectUIPickerViewTests.xctest */,
				E20484A421466DA400D5A680 /* MultiSelectUIPickerViewUITests.xctest */,
			);
			name = Products;
			sourceTree = "<group>";
		};
		E204848721466DA200D5A680 /* MultiSelectUIPickerView */ = {
			isa = PBXGroup;
			children = (
				E20484B62146A85000D5A680 /* Opened@3x.png */,
				E204848821466DA200D5A680 /* AppDelegate.swift */,
				E204848A21466DA200D5A680 /* ViewController.swift */,
				E204848C21466DA200D5A680 /* Main.storyboard */,
				E204848F21466DA400D5A680 /* Assets.xcassets */,
				E204849121466DA400D5A680 /* LaunchScreen.storyboard */,
				E204849421466DA400D5A680 /* Info.plist */,
			);
			path = MultiSelectUIPickerView;
			sourceTree = "<group>";
		};
		E204849C21466DA400D5A680 /* MultiSelectUIPickerViewTests */ = {
			isa = PBXGroup;
			children = (
				E204849D21466DA400D5A680 /* MultiSelectUIPickerViewTests.swift */,
				E204849F21466DA400D5A680 /* Info.plist */,
			);
			path = MultiSelectUIPickerViewTests;
			sourceTree = "<group>";
		};
		E20484A721466DA400D5A680 /* MultiSelectUIPickerViewUITests */ = {
			isa = PBXGroup;
			children = (
				E20484A821466DA400D5A680 /* MultiSelectUIPickerViewUITests.swift */,
				E20484AA21466DA400D5A680 /* Info.plist */,
			);
			path = MultiSelectUIPickerViewUITests;
			sourceTree = "<group>";
		};
/* End PBXGroup section */

/* Begin PBXNativeTarget section */
		E204848421466DA200D5A680 /* MultiSelectUIPickerView */ = {
			isa = PBXNativeTarget;
			buildConfigurationList = E20484AD21466DA400D5A680 /* Build configuration list for PBXNativeTarget "MultiSelectUIPickerView" */;
			buildPhases = (
				E204848121466DA200D5A680 /* Sources */,
				E204848221466DA200D5A680 /* Frameworks */,
				E204848321466DA200D5A680 /* Resources */,
			);
			buildRules = (
			);
			dependencies = (
			);
			name = MultiSelectUIPickerView;
			productName = MultiSelectUIPickerView;
			productReference = E204848521466DA200D5A680 /* MultiSelectUIPickerView.app */;
			productType = "com.apple.product-type.application";
		};
		E204849821466DA400D5A680 /* MultiSelectUIPickerViewTests */ = {
			isa = PBXNativeTarget;
			buildConfigurationList = E20484B021466DA400D5A680 /* Build configuration list for PBXNativeTarget "MultiSelectUIPickerViewTests" */;
			buildPhases = (
				E204849521466DA400D5A680 /* Sources */,
				E204849621466DA400D5A680 /* Frameworks */,
				E204849721466DA400D5A680 /* Resources */,
			);
			buildRules = (
			);
			dependencies = (
				E204849B21466DA400D5A680 /* PBXTargetDependency */,
			);
			name = MultiSelectUIPickerViewTests;
			productName = MultiSelectUIPickerViewTests;
			productReference = E204849921466DA400D5A680 /* MultiSelectUIPickerViewTests.xctest */;
			productType = "com.apple.product-type.bundle.unit-test";
		};
		E20484A321466DA400D5A680 /* MultiSelectUIPickerViewUITests */ = {
			isa = PBXNativeTarget;
			buildConfigurationList = E20484B321466DA400D5A680 /* Build configuration list for PBXNativeTarget "MultiSelectUIPickerViewUITests" */;
			buildPhases = (
				E20484A021466DA400D5A680 /* Sources */,
				E20484A121466DA400D5A680 /* Frameworks */,
				E20484A221466DA400D5A680 /* Resources */,
			);
			buildRules = (
			);
			dependencies = (
				E20484A621466DA400D5A680 /* PBXTargetDependency */,
			);
			name = MultiSelectUIPickerViewUITests;
			productName = MultiSelectUIPickerViewUITests;
			productReference = E20484A421466DA400D5A680 /* MultiSelectUIPickerViewUITests.xctest */;
			productType = "com.apple.product-type.bundle.ui-testing";
		};
/* End PBXNativeTarget section */

/* Begin PBXProject section */
		E204847D21466DA200D5A680 /* Project object */ = {
			isa = PBXProject;
			attributes = {
				LastSwiftUpdateCheck = 0940;
				LastUpgradeCheck = 0940;
				ORGANIZATIONNAME = User;
				TargetAttributes = {
					E204848421466DA200D5A680 = {
						CreatedOnToolsVersion = 9.4.1;
					};
					E204849821466DA400D5A680 = {
						CreatedOnToolsVersion = 9.4.1;
						TestTargetID = E204848421466DA200D5A680;
					};
					E20484A321466DA400D5A680 = {
						CreatedOnToolsVersion = 9.4.1;
						TestTargetID = E204848421466DA200D5A680;
					};
				};
			};
			buildConfigurationList = E204848021466DA200D5A680 /* Build configuration list for PBXProject "MultiSelectUIPickerView" */;
			compatibilityVersion = "Xcode 9.3";
			developmentRegion = en;
			hasScannedForEncodings = 0;
			knownRegions = (
				en,
				Base,
			);
			mainGroup = E204847C21466DA200D5A680;
			productRefGroup = E204848621466DA200D5A680 /* Products */;
			projectDirPath = "";
			projectRoot = "";
			targets = (
				E204848421466DA200D5A680 /* MultiSelectUIPickerView */,
				E204849821466DA400D5A680 /* MultiSelectUIPickerViewTests */,
				E20484A321466DA400D5A680 /* MultiSelectUIPickerViewUITests */,
			);
		};
/* End PBXProject section */

/* Begin PBXResourcesBuildPhase section */
		E204848321466DA200D5A680 /* Resources */ = {
			isa = PBXResourcesBuildPhase;
			buildActionMask = 2147483647;
			files = (
				E204849321466DA400D5A680 /* LaunchScreen.storyboard in Resources */,
				E204849021466DA400D5A680 /* Assets.xcassets in Resources */,
				E20484B72146A85000D5A680 /* Opened@3x.png in Resources */,
				E204848E21466DA200D5A680 /* Main.storyboard in Resources */,
			);
			runOnlyForDeploymentPostprocessing = 0;
		};
		E204849721466DA400D5A680 /* Resources */ = {
			isa = PBXResourcesBuildPhase;
			buildActionMask = 2147483647;
			files = (
			);
			runOnlyForDeploymentPostprocessing = 0;
		};
		E20484A221466DA400D5A680 /* Resources */ = {
			isa = PBXResourcesBuildPhase;
			buildActionMask = 2147483647;
			files = (
			);
			runOnlyForDeploymentPostprocessing = 0;
		};
/* End PBXResourcesBuildPhase section */

/* Begin PBXSourcesBuildPhase section */
		E204848121466DA200D5A680 /* Sources */ = {
			isa = PBXSourcesBuildPhase;
			buildActionMask = 2147483647;
			files = (
				E204848B21466DA200D5A680 /* ViewController.swift in Sources */,
				E204848921466DA200D5A680 /* AppDelegate.swift in Sources */,
			);
			runOnlyForDeploymentPostprocessing = 0;
		};
		E204849521466DA400D5A680 /* Sources */ = {
			isa = PBXSourcesBuildPhase;
			buildActionMask = 2147483647;
			files = (
				E204849E21466DA400D5A680 /* MultiSelectUIPickerViewTests.swift in Sources */,
			);
			runOnlyForDeploymentPostprocessing = 0;
		};
		E20484A021466DA400D5A680 /* Sources */ = {
			isa = PBXSourcesBuildPhase;
			buildActionMask = 2147483647;
			files = (
				E20484A921466DA400D5A680 /* MultiSelectUIPickerViewUITests.swift in Sources */,
			);
			runOnlyForDeploymentPostprocessing = 0;
		};
/* End PBXSourcesBuildPhase section */

/* Begin PBXTargetDependency section */
		E204849B21466DA400D5A680 /* PBXTargetDependency */ = {
			isa = PBXTargetDependency;
			target = E204848421466DA200D5A680 /* MultiSelectUIPickerView */;
			targetProxy = E204849A21466DA400D5A680 /* PBXContainerItemProxy */;
		};
		E20484A621466DA400D5A680 /* PBXTargetDependency */ = {
			isa = PBXTargetDependency;
			target = E204848421466DA200D5A680 /* MultiSelectUIPickerView */;
			targetProxy = E20484A521466DA400D5A680 /* PBXContainerItemProxy */;
		};
/* End PBXTargetDependency section */

/* Begin PBXVariantGroup section */
		E204848C21466DA200D5A680 /* Main.storyboard */ = {
			isa = PBXVariantGroup;
			children = (
				E204848D21466DA200D5A680 /* Base */,
			);
			name = Main.storyboard;
			sourceTree = "<group>";
		};
		E204849121466DA400D5A680 /* LaunchScreen.storyboard */ = {
			isa = PBXVariantGroup;
			children = (
				E204849221466DA400D5A680 /* Base */,
			);
			name = LaunchScreen.storyboard;
			sourceTree = "<group>";
		};
/* End PBXVariantGroup section */

/* Begin XCBuildConfiguration section */
		E20484AB21466DA400D5A680 /* Debug */ = {
			isa = XCBuildConfiguration;
			buildSettings = {
				ALWAYS_SEARCH_USER_PATHS = NO;
				CLANG_ANALYZER_NONNULL = YES;
				CLANG_ANALYZER_NUMBER_OBJECT_CONVERSION = YES_AGGRESSIVE;
				CLANG_CXX_LANGUAGE_STANDARD = "gnu++14";
				CLANG_CXX_LIBRARY = "libc++";
				CLANG_ENABLE_MODULES = YES;
				CLANG_ENABLE_OBJC_ARC = YES;
				CLANG_ENABLE_OBJC_WEAK = YES;
				CLANG_WARN_BLOCK_CAPTURE_AUTORELEASING = YES;
				CLANG_WARN_BOOL_CONVERSION = YES;
				CLANG_WARN_COMMA = YES;
				CLANG_WARN_CONSTANT_CONVERSION = YES;
				CLANG_WARN_DEPRECATED_OBJC_IMPLEMENTATIONS = YES;
				CLANG_WARN_DIRECT_OBJC_ISA_USAGE = YES_ERROR;
				CLANG_WARN_DOCUMENTATION_COMMENTS = YES;
				CLANG_WARN_EMPTY_BODY = YES;
				CLANG_WARN_ENUM_CONVERSION = YES;
				CLANG_WARN_INFINITE_RECURSION = YES;
				CLANG_WARN_INT_CONVERSION = YES;
				CLANG_WARN_NON_LITERAL_NULL_CONVERSION = YES;
				CLANG_WARN_OBJC_IMPLICIT_RETAIN_SELF = YES;
				CLANG_WARN_OBJC_LITERAL_CONVERSION = YES;
				CLANG_WARN_OBJC_ROOT_CLASS = YES_ERROR;
				CLANG_WARN_RANGE_LOOP_ANALYSIS = YES;
				CLANG_WARN_STRICT_PROTOTYPES = YES;
				CLANG_WARN_SUSPICIOUS_MOVE = YES;
				CLANG_WARN_UNGUARDED_AVAILABILITY = YES_AGGRESSIVE;
				CLANG_WARN_UNREACHABLE_CODE = YES;
				CLANG_WARN__DUPLICATE_METHOD_MATCH = YES;
				CODE_SIGN_IDENTITY = "iPhone Developer";
				COPY_PHASE_STRIP = NO;
				DEBUG_INFORMATION_FORMAT = dwarf;
				ENABLE_STRICT_OBJC_MSGSEND = YES;
				ENABLE_TESTABILITY = YES;
				GCC_C_LANGUAGE_STANDARD = gnu11;
				GCC_DYNAMIC_NO_PIC = NO;
				GCC_NO_COMMON_BLOCKS = YES;
				GCC_OPTIMIZATION_LEVEL = 0;
				GCC_PREPROCESSOR_DEFINITIONS = (
					"DEBUG=1",
					"$(inherited)",
				);
				GCC_WARN_64_TO_32_BIT_CONVERSION = YES;
				GCC_WARN_ABOUT_RETURN_TYPE = YES_ERROR;
				GCC_WARN_UNDECLARED_SELECTOR = YES;
				GCC_WARN_UNINITIALIZED_AUTOS = YES_AGGRESSIVE;
				GCC_WARN_UNUSED_FUNCTION = YES;
				GCC_WARN_UNUSED_VARIABLE = YES;
				IPHONEOS_DEPLOYMENT_TARGET = 11.4;
				MTL_ENABLE_DEBUG_INFO = YES;
				ONLY_ACTIVE_ARCH = YES;
				SDKROOT = iphoneos;
				SWIFT_ACTIVE_COMPILATION_CONDITIONS = DEBUG;
				SWIFT_OPTIMIZATION_LEVEL = "-Onone";
			};
			name = Debug;
		};
		E20484AC21466DA400D5A680 /* Release */ = {
			isa = XCBuildConfiguration;
			buildSettings = {
				ALWAYS_SEARCH_USER_PATHS = NO;
				CLANG_ANALYZER_NONNULL = YES;
				CLANG_ANALYZER_NUMBER_OBJECT_CONVERSION = YES_AGGRESSIVE;
				CLANG_CXX_LANGUAGE_STANDARD = "gnu++14";
				CLANG_CXX_LIBRARY = "libc++";
				CLANG_ENABLE_MODULES = YES;
				CLANG_ENABLE_OBJC_ARC = YES;
				CLANG_ENABLE_OBJC_WEAK = YES;
				CLANG_WARN_BLOCK_CAPTURE_AUTORELEASING = YES;
				CLANG_WARN_BOOL_CONVERSION = YES;
				CLANG_WARN_COMMA = YES;
				CLANG_WARN_CONSTANT_CONVERSION = YES;
				CLANG_WARN_DEPRECATED_OBJC_IMPLEMENTATIONS = YES;
				CLANG_WARN_DIRECT_OBJC_ISA_USAGE = YES_ERROR;
				CLANG_WARN_DOCUMENTATION_COMMENTS = YES;
				CLANG_WARN_EMPTY_BODY = YES;
				CLANG_WARN_ENUM_CONVERSION = YES;
				CLANG_WARN_INFINITE_RECURSION = YES;
				CLANG_WARN_INT_CONVERSION = YES;
				CLANG_WARN_NON_LITERAL_NULL_CONVERSION = YES;
				CLANG_WARN_OBJC_IMPLICIT_RETAIN_SELF = YES;
				CLANG_WARN_OBJC_LITERAL_CONVERSION = YES;
				CLANG_WARN_OBJC_ROOT_CLASS = YES_ERROR;
				CLANG_WARN_RANGE_LOOP_ANALYSIS = YES;
				CLANG_WARN_STRICT_PROTOTYPES = YES;
				CLANG_WARN_SUSPICIOUS_MOVE = YES;
				CLANG_WARN_UNGUARDED_AVAILABILITY = YES_AGGRESSIVE;
				CLANG_WARN_UNREACHABLE_CODE = YES;
				CLANG_WARN__DUPLICATE_METHOD_MATCH = YES;
				CODE_SIGN_IDENTITY = "iPhone Developer";
				COPY_PHASE_STRIP = NO;
				DEBUG_INFORMATION_FORMAT = "dwarf-with-dsym";
				ENABLE_NS_ASSERTIONS = NO;
				ENABLE_STRICT_OBJC_MSGSEND = YES;
				GCC_C_LANGUAGE_STANDARD = gnu11;
				GCC_NO_COMMON_BLOCKS = YES;
				GCC_WARN_64_TO_32_BIT_CONVERSION = YES;
				GCC_WARN_ABOUT_RETURN_TYPE = YES_ERROR;
				GCC_WARN_UNDECLARED_SELECTOR = YES;
				GCC_WARN_UNINITIALIZED_AUTOS = YES_AGGRESSIVE;
				GCC_WARN_UNUSED_FUNCTION = YES;
				GCC_WARN_UNUSED_VARIABLE = YES;
				IPHONEOS_DEPLOYMENT_TARGET = 11.4;
				MTL_ENABLE_DEBUG_INFO = NO;
				SDKROOT = iphoneos;
				SWIFT_COMPILATION_MODE = wholemodule;
				SWIFT_OPTIMIZATION_LEVEL = "-O";
				VALIDATE_PRODUCT = YES;
			};
			name = Release;
		};
		E20484AE21466DA400D5A680 /* Debug */ = {
			isa = XCBuildConfiguration;
			buildSettings = {
				ASSETCATALOG_COMPILER_APPICON_NAME = AppIcon;
				CODE_SIGN_STYLE = Automatic;
				DEVELOPMENT_TEAM = YK7XJ27V69;
				INFOPLIST_FILE = MultiSelectUIPickerView/Info.plist;
				LD_RUNPATH_SEARCH_PATHS = (
					"$(inherited)",
					"@executable_path/Frameworks",
				);
				PRODUCT_BUNDLE_IDENTIFIER = SHMOTTLLC.MultiSelectUIPickerView;
				PRODUCT_NAME = "$(TARGET_NAME)";
				SWIFT_VERSION = 4.0;
				TARGETED_DEVICE_FAMILY = "1,2";
			};
			name = Debug;
		};
		E20484AF21466DA400D5A680 /* Release */ = {
			isa = XCBuildConfiguration;
			buildSettings = {
				ASSETCATALOG_COMPILER_APPICON_NAME = AppIcon;
				CODE_SIGN_STYLE = Automatic;
				DEVELOPMENT_TEAM = YK7XJ27V69;
				INFOPLIST_FILE = MultiSelectUIPickerView/Info.plist;
				LD_RUNPATH_SEARCH_PATHS = (
					"$(inherited)",
					"@executable_path/Frameworks",
				);
				PRODUCT_BUNDLE_IDENTIFIER = SHMOTTLLC.MultiSelectUIPickerView;
				PRODUCT_NAME = "$(TARGET_NAME)";
				SWIFT_VERSION = 4.0;
				TARGETED_DEVICE_FAMILY = "1,2";
			};
			name = Release;
		};
		E20484B121466DA400D5A680 /* Debug */ = {
			isa = XCBuildConfiguration;
			buildSettings = {
				ALWAYS_EMBED_SWIFT_STANDARD_LIBRARIES = YES;
				BUNDLE_LOADER = "$(TEST_HOST)";
				CODE_SIGN_STYLE = Automatic;
				DEVELOPMENT_TEAM = YK7XJ27V69;
				INFOPLIST_FILE = MultiSelectUIPickerViewTests/Info.plist;
				LD_RUNPATH_SEARCH_PATHS = (
					"$(inherited)",
					"@executable_path/Frameworks",
					"@loader_path/Frameworks",
				);
				PRODUCT_BUNDLE_IDENTIFIER = SHMOTTLLC.MultiSelectUIPickerViewTests;
				PRODUCT_NAME = "$(TARGET_NAME)";
				SWIFT_VERSION = 4.0;
				TARGETED_DEVICE_FAMILY = "1,2";
				TEST_HOST = "$(BUILT_PRODUCTS_DIR)/MultiSelectUIPickerView.app/MultiSelectUIPickerView";
			};
			name = Debug;
		};
		E20484B221466DA400D5A680 /* Release */ = {
			isa = XCBuildConfiguration;
			buildSettings = {
				ALWAYS_EMBED_SWIFT_STANDARD_LIBRARIES = YES;
				BUNDLE_LOADER = "$(TEST_HOST)";
				CODE_SIGN_STYLE = Automatic;
				DEVELOPMENT_TEAM = YK7XJ27V69;
				INFOPLIST_FILE = MultiSelectUIPickerViewTests/Info.plist;
				LD_RUNPATH_SEARCH_PATHS = (
					"$(inherited)",
					"@executable_path/Frameworks",
					"@loader_path/Frameworks",
				);
				PRODUCT_BUNDLE_IDENTIFIER = SHMOTTLLC.MultiSelectUIPickerViewTests;
				PRODUCT_NAME = "$(TARGET_NAME)";
				SWIFT_VERSION = 4.0;
				TARGETED_DEVICE_FAMILY = "1,2";
				TEST_HOST = "$(BUILT_PRODUCTS_DIR)/MultiSelectUIPickerView.app/MultiSelectUIPickerView";
			};
			name = Release;
		};
		E20484B421466DA400D5A680 /* Debug */ = {
			isa = XCBuildConfiguration;
			buildSettings = {
				ALWAYS_EMBED_SWIFT_STANDARD_LIBRARIES = YES;
				CODE_SIGN_STYLE = Automatic;
				DEVELOPMENT_TEAM = YK7XJ27V69;
				INFOPLIST_FILE = MultiSelectUIPickerViewUITests/Info.plist;
				LD_RUNPATH_SEARCH_PATHS = (
					"$(inherited)",
					"@executable_path/Frameworks",
					"@loader_path/Frameworks",
				);
				PRODUCT_BUNDLE_IDENTIFIER = SHMOTTLLC.MultiSelectUIPickerViewUITests;
				PRODUCT_NAME = "$(TARGET_NAME)";
				SWIFT_VERSION = 4.0;
				TARGETED_DEVICE_FAMILY = "1,2";
				TEST_TARGET_NAME = MultiSelectUIPickerView;
			};
			name = Debug;
		};
		E20484B521466DA400D5A680 /* Release */ = {
			isa = XCBuildConfiguration;
			buildSettings = {
				ALWAYS_EMBED_SWIFT_STANDARD_LIBRARIES = YES;
				CODE_SIGN_STYLE = Automatic;
				DEVELOPMENT_TEAM = YK7XJ27V69;
				INFOPLIST_FILE = MultiSelectUIPickerViewUITests/Info.plist;
				LD_RUNPATH_SEARCH_PATHS = (
					"$(inherited)",
					"@executable_path/Frameworks",
					"@loader_path/Frameworks",
				);
				PRODUCT_BUNDLE_IDENTIFIER = SHMOTTLLC.MultiSelectUIPickerViewUITests;
				PRODUCT_NAME = "$(TARGET_NAME)";
				SWIFT_VERSION = 4.0;
				TARGETED_DEVICE_FAMILY = "1,2";
				TEST_TARGET_NAME = MultiSelectUIPickerView;
			};
			name = Release;
		};
/* End XCBuildConfiguration section */

/* Begin XCConfigurationList section */
		E204848021466DA200D5A680 /* Build configuration list for PBXProject "MultiSelectUIPickerView" */ = {
			isa = XCConfigurationList;
			buildConfigurations = (
				E20484AB21466DA400D5A680 /* Debug */,
				E20484AC21466DA400D5A680 /* Release */,
			);
			defaultConfigurationIsVisible = 0;
			defaultConfigurationName = Release;
		};
		E20484AD21466DA400D5A680 /* Build configuration list for PBXNativeTarget "MultiSelectUIPickerView" */ = {
			isa = XCConfigurationList;
			buildConfigurations = (
				E20484AE21466DA400D5A680 /* Debug */,
				E20484AF21466DA400D5A680 /* Release */,
			);
			defaultConfigurationIsVisible = 0;
			defaultConfigurationName = Release;
		};
		E20484B021466DA400D5A680 /* Build configuration list for PBXNativeTarget "MultiSelectUIPickerViewTests" */ = {
			isa = XCConfigurationList;
			buildConfigurations = (
				E20484B121466DA400D5A680 /* Debug */,
				E20484B221466DA400D5A680 /* Release */,
			);
			defaultConfigurationIsVisible = 0;
			defaultConfigurationName = Release;
		};
		E20484B321466DA400D5A680 /* Build configuration list for PBXNativeTarget "MultiSelectUIPickerViewUITests" */ = {
			isa = XCConfigurationList;
			buildConfigurations = (
				E20484B421466DA400D5A680 /* Debug */,
				E20484B521466DA400D5A680 /* Release */,
			);
			defaultConfigurationIsVisible = 0;
			defaultConfigurationName = Release;
		};
/* End XCConfigurationList section */
	};
	rootObject = E204847D21466DA200D5A680 /* Project object */;
}
