// !$*UTF8*$!
{
	archiveVersion = 1;
	classes = {
	};
	objectVersion = 50;
	objects = {

/* Begin PBXBuildFile section */
		9C9E8EE93029474C2D621D44 /* Pods_aStackView.framework in Frameworks */ = {isa = PBXBuildFile; fileRef = 4A1B2EE03B4D3E631A8D1ED5 /* Pods_aStackView.framework */; };
		B7FBE2752209DC0B00439C63 /* AppDelegate.swift in Sources */ = {isa = PBXBuildFile; fileRef = B7FBE2742209DC0B00439C63 /* AppDelegate.swift */; };
		B7FBE2772209DC0B00439C63 /* ViewController.swift in Sources */ = {isa = PBXBuildFile; fileRef = B7FBE2762209DC0B00439C63 /* ViewController.swift */; };
		B7FBE27A2209DC0B00439C63 /* Main.storyboard in Resources */ = {isa = PBXBuildFile; fileRef = B7FBE2782209DC0B00439C63 /* Main.storyboard */; };
		B7FBE27C2209DC0C00439C63 /* Assets.xcassets in Resources */ = {isa = PBXBuildFile; fileRef = B7FBE27B2209DC0C00439C63 /* Assets.xcassets */; };
		B7FBE27F2209DC0C00439C63 /* LaunchScreen.storyboard in Resources */ = {isa = PBXBuildFile; fileRef = B7FBE27D2209DC0C00439C63 /* LaunchScreen.storyboard */; };
		B7FBE28F2209E30000439C63 /* StacksViewController.swift in Sources */ = {isa = PBXBuildFile; fileRef = B7FBE28E2209E30000439C63 /* StacksViewController.swift */; };
		B7FBE291220B36B400439C63 /* AnswerView.swift in Sources */ = {isa = PBXBuildFile; fileRef = B7FBE290220B36B400439C63 /* AnswerView.swift */; };
		B7FBE293220B3B9400439C63 /* QuestionCell.swift in Sources */ = {isa = PBXBuildFile; fileRef = B7FBE292220B3B9400439C63 /* QuestionCell.swift */; };
/* End PBXBuildFile section */

/* Begin PBXFileReference section */
		233C8F7EAF6D6302B363434A /* Pods-aStackView.release.xcconfig */ = {isa = PBXFileReference; includeInIndex = 1; lastKnownFileType = text.xcconfig; name = "Pods-aStackView.release.xcconfig"; path = "Pods/Target Support Files/Pods-aStackView/Pods-aStackView.release.xcconfig"; sourceTree = "<group>"; };
		4A1B2EE03B4D3E631A8D1ED5 /* Pods_aStackView.framework */ = {isa = PBXFileReference; explicitFileType = wrapper.framework; includeInIndex = 0; path = Pods_aStackView.framework; sourceTree = BUILT_PRODUCTS_DIR; };
		A68CEED6BB61153C3D4B40C3 /* Pods-aStackView.debug.xcconfig */ = {isa = PBXFileReference; includeInIndex = 1; lastKnownFileType = text.xcconfig; name = "Pods-aStackView.debug.xcconfig"; path = "Pods/Target Support Files/Pods-aStackView/Pods-aStackView.debug.xcconfig"; sourceTree = "<group>"; };
		B7FBE2712209DC0B00439C63 /* aStackView.app */ = {isa = PBXFileReference; explicitFileType = wrapper.application; includeInIndex = 0; path = aStackView.app; sourceTree = BUILT_PRODUCTS_DIR; };
		B7FBE2742209DC0B00439C63 /* AppDelegate.swift */ = {isa = PBXFileReference; lastKnownFileType = sourcecode.swift; path = AppDelegate.swift; sourceTree = "<group>"; };
		B7FBE2762209DC0B00439C63 /* ViewController.swift */ = {isa = PBXFileReference; lastKnownFileType = sourcecode.swift; path = ViewController.swift; sourceTree = "<group>"; };
		B7FBE2792209DC0B00439C63 /* Base */ = {isa = PBXFileReference; lastKnownFileType = file.storyboard; name = Base; path = Base.lproj/Main.storyboard; sourceTree = "<group>"; };
		B7FBE27B2209DC0C00439C63 /* Assets.xcassets */ = {isa = PBXFileReference; lastKnownFileType = folder.assetcatalog; path = Assets.xcassets; sourceTree = "<group>"; };
		B7FBE27E2209DC0C00439C63 /* Base */ = {isa = PBXFileReference; lastKnownFileType = file.storyboard; name = Base; path = Base.lproj/LaunchScreen.storyboard; sourceTree = "<group>"; };
		B7FBE2802209DC0C00439C63 /* Info.plist */ = {isa = PBXFileReference; lastKnownFileType = text.plist.xml; path = Info.plist; sourceTree = "<group>"; };
		B7FBE28E2209E30000439C63 /* StacksViewController.swift */ = {isa = PBXFileReference; lastKnownFileType = sourcecode.swift; path = StacksViewController.swift; sourceTree = "<group>"; };
		B7FBE290220B36B400439C63 /* AnswerView.swift */ = {isa = PBXFileReference; lastKnownFileType = sourcecode.swift; path = AnswerView.swift; sourceTree = "<group>"; };
		B7FBE292220B3B9400439C63 /* QuestionCell.swift */ = {isa = PBXFileReference; lastKnownFileType = sourcecode.swift; path = QuestionCell.swift; sourceTree = "<group>"; };
/* End PBXFileReference section */

/* Begin PBXFrameworksBuildPhase section */
		B7FBE26E2209DC0B00439C63 /* Frameworks */ = {
			isa = PBXFrameworksBuildPhase;
			buildActionMask = 2147483647;
			files = (
				9C9E8EE93029474C2D621D44 /* Pods_aStackView.framework in Frameworks */,
			);
			runOnlyForDeploymentPostprocessing = 0;
		};
/* End PBXFrameworksBuildPhase section */

/* Begin PBXGroup section */
		32F252C1F42E38766631297F /* Pods */ = {
			isa = PBXGroup;
			children = (
				A68CEED6BB61153C3D4B40C3 /* Pods-aStackView.debug.xcconfig */,
				233C8F7EAF6D6302B363434A /* Pods-aStackView.release.xcconfig */,
			);
			name = Pods;
			sourceTree = "<group>";
		};
		69678A3C07B32884CCED5887 /* Frameworks */ = {
			isa = PBXGroup;
			children = (
				4A1B2EE03B4D3E631A8D1ED5 /* Pods_aStackView.framework */,
			);
			name = Frameworks;
			sourceTree = "<group>";
		};
		B7FBE2682209DC0B00439C63 = {
			isa = PBXGroup;
			children = (
				B7FBE2732209DC0B00439C63 /* aStackView */,
				B7FBE2722209DC0B00439C63 /* Products */,
				32F252C1F42E38766631297F /* Pods */,
				69678A3C07B32884CCED5887 /* Frameworks */,
			);
			sourceTree = "<group>";
		};
		B7FBE2722209DC0B00439C63 /* Products */ = {
			isa = PBXGroup;
			children = (
				B7FBE2712209DC0B00439C63 /* aStackView.app */,
			);
			name = Products;
			sourceTree = "<group>";
		};
		B7FBE2732209DC0B00439C63 /* aStackView */ = {
			isa = PBXGroup;
			children = (
				B7FBE2742209DC0B00439C63 /* AppDelegate.swift */,
				B7FBE2762209DC0B00439C63 /* ViewController.swift */,
				B7FBE28E2209E30000439C63 /* StacksViewController.swift */,
				B7FBE292220B3B9400439C63 /* QuestionCell.swift */,
				B7FBE290220B36B400439C63 /* AnswerView.swift */,
				B7FBE2782209DC0B00439C63 /* Main.storyboard */,
				B7FBE27B2209DC0C00439C63 /* Assets.xcassets */,
				B7FBE27D2209DC0C00439C63 /* LaunchScreen.storyboard */,
				B7FBE2802209DC0C00439C63 /* Info.plist */,
			);
			path = aStackView;
			sourceTree = "<group>";
		};
/* End PBXGroup section */

/* Begin PBXNativeTarget section */
		B7FBE2702209DC0B00439C63 /* aStackView */ = {
			isa = PBXNativeTarget;
			buildConfigurationList = B7FBE2832209DC0C00439C63 /* Build configuration list for PBXNativeTarget "aStackView" */;
			buildPhases = (
				F1A836B2A92D11BF75E2E983 /* [CP] Check Pods Manifest.lock */,
				B7FBE26D2209DC0B00439C63 /* Sources */,
				B7FBE26E2209DC0B00439C63 /* Frameworks */,
				B7FBE26F2209DC0B00439C63 /* Resources */,
				BBC61498BD785456948BA578 /* [CP] Embed Pods Frameworks */,
			);
			buildRules = (
			);
			dependencies = (
			);
			name = aStackView;
			productName = aStackView;
			productReference = B7FBE2712209DC0B00439C63 /* aStackView.app */;
			productType = "com.apple.product-type.application";
		};
/* End PBXNativeTarget section */

/* Begin PBXProject section */
		B7FBE2692209DC0B00439C63 /* Project object */ = {
			isa = PBXProject;
			attributes = {
				LastSwiftUpdateCheck = 1010;
				LastUpgradeCheck = 1010;
				ORGANIZATIONNAME = "Коноплев Андрей";
				TargetAttributes = {
					B7FBE2702209DC0B00439C63 = {
						CreatedOnToolsVersion = 10.1;
					};
				};
			};
			buildConfigurationList = B7FBE26C2209DC0B00439C63 /* Build configuration list for PBXProject "aStackView" */;
			compatibilityVersion = "Xcode 9.3";
			developmentRegion = en;
			hasScannedForEncodings = 0;
			knownRegions = (
				en,
				Base,
			);
			mainGroup = B7FBE2682209DC0B00439C63;
			productRefGroup = B7FBE2722209DC0B00439C63 /* Products */;
			projectDirPath = "";
			projectRoot = "";
			targets = (
				B7FBE2702209DC0B00439C63 /* aStackView */,
			);
		};
/* End PBXProject section */

/* Begin PBXResourcesBuildPhase section */
		B7FBE26F2209DC0B00439C63 /* Resources */ = {
			isa = PBXResourcesBuildPhase;
			buildActionMask = 2147483647;
			files = (
				B7FBE27F2209DC0C00439C63 /* LaunchScreen.storyboard in Resources */,
				B7FBE27C2209DC0C00439C63 /* Assets.xcassets in Resources */,
				B7FBE27A2209DC0B00439C63 /* Main.storyboard in Resources */,
			);
			runOnlyForDeploymentPostprocessing = 0;
		};
/* End PBXResourcesBuildPhase section */

/* Begin PBXShellScriptBuildPhase section */
		BBC61498BD785456948BA578 /* [CP] Embed Pods Frameworks */ = {
			isa = PBXShellScriptBuildPhase;
			buildActionMask = 2147483647;
			files = (
			);
			inputFileListPaths = (
			);
			inputPaths = (
				"${SRCROOT}/Pods/Target Support Files/Pods-aStackView/Pods-aStackView-frameworks.sh",
				"${BUILT_PRODUCTS_DIR}/PureLayout/PureLayout.framework",
			);
			name = "[CP] Embed Pods Frameworks";
			outputFileListPaths = (
			);
			outputPaths = (
				"${TARGET_BUILD_DIR}/${FRAMEWORKS_FOLDER_PATH}/PureLayout.framework",
			);
			runOnlyForDeploymentPostprocessing = 0;
			shellPath = /bin/sh;
			shellScript = "\"${SRCROOT}/Pods/Target Support Files/Pods-aStackView/Pods-aStackView-frameworks.sh\"\n";
			showEnvVarsInLog = 0;
		};
		F1A836B2A92D11BF75E2E983 /* [CP] Check Pods Manifest.lock */ = {
			isa = PBXShellScriptBuildPhase;
			buildActionMask = 2147483647;
			files = (
			);
			inputFileListPaths = (
			);
			inputPaths = (
				"${PODS_PODFILE_DIR_PATH}/Podfile.lock",
				"${PODS_ROOT}/Manifest.lock",
			);
			name = "[CP] Check Pods Manifest.lock";
			outputFileListPaths = (
			);
			outputPaths = (
				"$(DERIVED_FILE_DIR)/Pods-aStackView-checkManifestLockResult.txt",
			);
			runOnlyForDeploymentPostprocessing = 0;
			shellPath = /bin/sh;
			shellScript = "diff \"${PODS_PODFILE_DIR_PATH}/Podfile.lock\" \"${PODS_ROOT}/Manifest.lock\" > /dev/null\nif [ $? != 0 ] ; then\n    # print error to STDERR\n    echo \"error: The sandbox is not in sync with the Podfile.lock. Run 'pod install' or update your CocoaPods installation.\" >&2\n    exit 1\nfi\n# This output is used by Xcode 'outputs' to avoid re-running this script phase.\necho \"SUCCESS\" > \"${SCRIPT_OUTPUT_FILE_0}\"\n";
			showEnvVarsInLog = 0;
		};
/* End PBXShellScriptBuildPhase section */

/* Begin PBXSourcesBuildPhase section */
		B7FBE26D2209DC0B00439C63 /* Sources */ = {
			isa = PBXSourcesBuildPhase;
			buildActionMask = 2147483647;
			files = (
				B7FBE2772209DC0B00439C63 /* ViewController.swift in Sources */,
				B7FBE2752209DC0B00439C63 /* AppDelegate.swift in Sources */,
				B7FBE291220B36B400439C63 /* AnswerView.swift in Sources */,
				B7FBE28F2209E30000439C63 /* StacksViewController.swift in Sources */,
				B7FBE293220B3B9400439C63 /* QuestionCell.swift in Sources */,
			);
			runOnlyForDeploymentPostprocessing = 0;
		};
/* End PBXSourcesBuildPhase section */

/* Begin PBXVariantGroup section */
		B7FBE2782209DC0B00439C63 /* Main.storyboard */ = {
			isa = PBXVariantGroup;
			children = (
				B7FBE2792209DC0B00439C63 /* Base */,
			);
			name = Main.storyboard;
			sourceTree = "<group>";
		};
		B7FBE27D2209DC0C00439C63 /* LaunchScreen.storyboard */ = {
			isa = PBXVariantGroup;
			children = (
				B7FBE27E2209DC0C00439C63 /* Base */,
			);
			name = LaunchScreen.storyboard;
			sourceTree = "<group>";
		};
/* End PBXVariantGroup section */

/* Begin XCBuildConfiguration section */
		B7FBE2812209DC0C00439C63 /* Debug */ = {
			isa = XCBuildConfiguration;
			buildSettings = {
				ALWAYS_SEARCH_USER_PATHS = NO;
				CLANG_ANALYZER_NONNULL = YES;
				CLANG_ANALYZER_NUMBER_OBJECT_CONVERSION = YES_AGGRESSIVE;
				CLANG_CXX_LANGUAGE_STANDARD = "gnu++14";
				CLANG_CXX_LIBRARY = "libc++";
				CLANG_ENABLE_MODULES = YES;
				CLANG_ENABLE_OBJC_ARC = YES;
				CLANG_ENABLE_OBJC_WEAK = YES;
				CLANG_WARN_BLOCK_CAPTURE_AUTORELEASING = YES;
				CLANG_WARN_BOOL_CONVERSION = YES;
				CLANG_WARN_COMMA = YES;
				CLANG_WARN_CONSTANT_CONVERSION = YES;
				CLANG_WARN_DEPRECATED_OBJC_IMPLEMENTATIONS = YES;
				CLANG_WARN_DIRECT_OBJC_ISA_USAGE = YES_ERROR;
				CLANG_WARN_DOCUMENTATION_COMMENTS = YES;
				CLANG_WARN_EMPTY_BODY = YES;
				CLANG_WARN_ENUM_CONVERSION = YES;
				CLANG_WARN_INFINITE_RECURSION = YES;
				CLANG_WARN_INT_CONVERSION = YES;
				CLANG_WARN_NON_LITERAL_NULL_CONVERSION = YES;
				CLANG_WARN_OBJC_IMPLICIT_RETAIN_SELF = YES;
				CLANG_WARN_OBJC_LITERAL_CONVERSION = YES;
				CLANG_WARN_OBJC_ROOT_CLASS = YES_ERROR;
				CLANG_WARN_RANGE_LOOP_ANALYSIS = YES;
				CLANG_WARN_STRICT_PROTOTYPES = YES;
				CLANG_WARN_SUSPICIOUS_MOVE = YES;
				CLANG_WARN_UNGUARDED_AVAILABILITY = YES_AGGRESSIVE;
				CLANG_WARN_UNREACHABLE_CODE = YES;
				CLANG_WARN__DUPLICATE_METHOD_MATCH = YES;
				CODE_SIGN_IDENTITY = "iPhone Developer";
				COPY_PHASE_STRIP = NO;
				DEBUG_INFORMATION_FORMAT = dwarf;
				ENABLE_STRICT_OBJC_MSGSEND = YES;
				ENABLE_TESTABILITY = YES;
				GCC_C_LANGUAGE_STANDARD = gnu11;
				GCC_DYNAMIC_NO_PIC = NO;
				GCC_NO_COMMON_BLOCKS = YES;
				GCC_OPTIMIZATION_LEVEL = 0;
				GCC_PREPROCESSOR_DEFINITIONS = (
					"DEBUG=1",
					"$(inherited)",
				);
				GCC_WARN_64_TO_32_BIT_CONVERSION = YES;
				GCC_WARN_ABOUT_RETURN_TYPE = YES_ERROR;
				GCC_WARN_UNDECLARED_SELECTOR = YES;
				GCC_WARN_UNINITIALIZED_AUTOS = YES_AGGRESSIVE;
				GCC_WARN_UNUSED_FUNCTION = YES;
				GCC_WARN_UNUSED_VARIABLE = YES;
				IPHONEOS_DEPLOYMENT_TARGET = 12.1;
				MTL_ENABLE_DEBUG_INFO = INCLUDE_SOURCE;
				MTL_FAST_MATH = YES;
				ONLY_ACTIVE_ARCH = YES;
				SDKROOT = iphoneos;
				SWIFT_ACTIVE_COMPILATION_CONDITIONS = DEBUG;
				SWIFT_OPTIMIZATION_LEVEL = "-Onone";
			};
			name = Debug;
		};
		B7FBE2822209DC0C00439C63 /* Release */ = {
			isa = XCBuildConfiguration;
			buildSettings = {
				ALWAYS_SEARCH_USER_PATHS = NO;
				CLANG_ANALYZER_NONNULL = YES;
				CLANG_ANALYZER_NUMBER_OBJECT_CONVERSION = YES_AGGRESSIVE;
				CLANG_CXX_LANGUAGE_STANDARD = "gnu++14";
				CLANG_CXX_LIBRARY = "libc++";
				CLANG_ENABLE_MODULES = YES;
				CLANG_ENABLE_OBJC_ARC = YES;
				CLANG_ENABLE_OBJC_WEAK = YES;
				CLANG_WARN_BLOCK_CAPTURE_AUTORELEASING = YES;
				CLANG_WARN_BOOL_CONVERSION = YES;
				CLANG_WARN_COMMA = YES;
				CLANG_WARN_CONSTANT_CONVERSION = YES;
				CLANG_WARN_DEPRECATED_OBJC_IMPLEMENTATIONS = YES;
				CLANG_WARN_DIRECT_OBJC_ISA_USAGE = YES_ERROR;
				CLANG_WARN_DOCUMENTATION_COMMENTS = YES;
				CLANG_WARN_EMPTY_BODY = YES;
				CLANG_WARN_ENUM_CONVERSION = YES;
				CLANG_WARN_INFINITE_RECURSION = YES;
				CLANG_WARN_INT_CONVERSION = YES;
				CLANG_WARN_NON_LITERAL_NULL_CONVERSION = YES;
				CLANG_WARN_OBJC_IMPLICIT_RETAIN_SELF = YES;
				CLANG_WARN_OBJC_LITERAL_CONVERSION = YES;
				CLANG_WARN_OBJC_ROOT_CLASS = YES_ERROR;
				CLANG_WARN_RANGE_LOOP_ANALYSIS = YES;
				CLANG_WARN_STRICT_PROTOTYPES = YES;
				CLANG_WARN_SUSPICIOUS_MOVE = YES;
				CLANG_WARN_UNGUARDED_AVAILABILITY = YES_AGGRESSIVE;
				CLANG_WARN_UNREACHABLE_CODE = YES;
				CLANG_WARN__DUPLICATE_METHOD_MATCH = YES;
				CODE_SIGN_IDENTITY = "iPhone Developer";
				COPY_PHASE_STRIP = NO;
				DEBUG_INFORMATION_FORMAT = "dwarf-with-dsym";
				ENABLE_NS_ASSERTIONS = NO;
				ENABLE_STRICT_OBJC_MSGSEND = YES;
				GCC_C_LANGUAGE_STANDARD = gnu11;
				GCC_NO_COMMON_BLOCKS = YES;
				GCC_WARN_64_TO_32_BIT_CONVERSION = YES;
				GCC_WARN_ABOUT_RETURN_TYPE = YES_ERROR;
				GCC_WARN_UNDECLARED_SELECTOR = YES;
				GCC_WARN_UNINITIALIZED_AUTOS = YES_AGGRESSIVE;
				GCC_WARN_UNUSED_FUNCTION = YES;
				GCC_WARN_UNUSED_VARIABLE = YES;
				IPHONEOS_DEPLOYMENT_TARGET = 12.1;
				MTL_ENABLE_DEBUG_INFO = NO;
				MTL_FAST_MATH = YES;
				SDKROOT = iphoneos;
				SWIFT_COMPILATION_MODE = wholemodule;
				SWIFT_OPTIMIZATION_LEVEL = "-O";
				VALIDATE_PRODUCT = YES;
			};
			name = Release;
		};
		B7FBE2842209DC0C00439C63 /* Debug */ = {
			isa = XCBuildConfiguration;
			baseConfigurationReference = A68CEED6BB61153C3D4B40C3 /* Pods-aStackView.debug.xcconfig */;
			buildSettings = {
				ASSETCATALOG_COMPILER_APPICON_NAME = AppIcon;
				CODE_SIGN_STYLE = Automatic;
				DEVELOPMENT_TEAM = 63MJY5QF87;
				INFOPLIST_FILE = aStackView/Info.plist;
				LD_RUNPATH_SEARCH_PATHS = (
					"$(inherited)",
					"@executable_path/Frameworks",
				);
				PRODUCT_BUNDLE_IDENTIFIER = aakonoplev.aStackView;
				PRODUCT_NAME = "$(TARGET_NAME)";
				SWIFT_VERSION = 4.2;
				TARGETED_DEVICE_FAMILY = "1,2";
			};
			name = Debug;
		};
		B7FBE2852209DC0C00439C63 /* Release */ = {
			isa = XCBuildConfiguration;
			baseConfigurationReference = 233C8F7EAF6D6302B363434A /* Pods-aStackView.release.xcconfig */;
			buildSettings = {
				ASSETCATALOG_COMPILER_APPICON_NAME = AppIcon;
				CODE_SIGN_STYLE = Automatic;
				DEVELOPMENT_TEAM = 63MJY5QF87;
				INFOPLIST_FILE = aStackView/Info.plist;
				LD_RUNPATH_SEARCH_PATHS = (
					"$(inherited)",
					"@executable_path/Frameworks",
				);
				PRODUCT_BUNDLE_IDENTIFIER = aakonoplev.aStackView;
				PRODUCT_NAME = "$(TARGET_NAME)";
				SWIFT_VERSION = 4.2;
				TARGETED_DEVICE_FAMILY = "1,2";
			};
			name = Release;
		};
/* End XCBuildConfiguration section */

/* Begin XCConfigurationList section */
		B7FBE26C2209DC0B00439C63 /* Build configuration list for PBXProject "aStackView" */ = {
			isa = XCConfigurationList;
			buildConfigurations = (
				B7FBE2812209DC0C00439C63 /* Debug */,
				B7FBE2822209DC0C00439C63 /* Release */,
			);
			defaultConfigurationIsVisible = 0;
			defaultConfigurationName = Release;
		};
		B7FBE2832209DC0C00439C63 /* Build configuration list for PBXNativeTarget "aStackView" */ = {
			isa = XCConfigurationList;
			buildConfigurations = (
				B7FBE2842209DC0C00439C63 /* Debug */,
				B7FBE2852209DC0C00439C63 /* Release */,
			);
			defaultConfigurationIsVisible = 0;
			defaultConfigurationName = Release;
		};
/* End XCConfigurationList section */
	};
	rootObject = B7FBE2692209DC0B00439C63 /* Project object */;
}
